{
  "version": "5",
  "redirects": {
    "https://esm.sh/@supabase/supabase-js@2": "https://esm.sh/@supabase/supabase-js@2.98.0",
    "https://esm.sh/@types/react@~19.0.7/index.d.ts": "https://esm.sh/@types/react@19.0.14/index.d.ts",
    "https://esm.sh/wkt-parser@^1.3.3?target=denonext": "https://esm.sh/wkt-parser@1.5.3?target=denonext"
  },
  "remote": {
    "https://deno.land/std@0.168.0/async/abortable.ts": "80b2ac399f142cc528f95a037a7d0e653296352d95c681e284533765961de409",
    "https://deno.land/std@0.168.0/async/deadline.ts": "2c2deb53c7c28ca1dda7a3ad81e70508b1ebc25db52559de6b8636c9278fd41f",
    "https://deno.land/std@0.168.0/async/debounce.ts": "60301ffb37e730cd2d6f9dadfd0ecb2a38857681bd7aaf6b0a106b06e5210a98",
    "https://deno.land/std@0.168.0/async/deferred.ts": "77d3f84255c3627f1cc88699d8472b664d7635990d5358c4351623e098e917d6",
    "https://deno.land/std@0.168.0/async/delay.ts": "5a9bfba8de38840308a7a33786a0155a7f6c1f7a859558ddcec5fe06e16daf57",
    "https://deno.land/std@0.168.0/async/mod.ts": "7809ad4bb223e40f5fdc043e5c7ca04e0e25eed35c32c3c32e28697c553fa6d9",
    "https://deno.land/std@0.168.0/async/mux_async_iterator.ts": "770a0ff26c59f8bbbda6b703a2235f04e379f73238e8d66a087edc68c2a2c35f",
    "https://deno.land/std@0.168.0/async/pool.ts": "6854d8cd675a74c73391c82005cbbe4cc58183bddcd1fbbd7c2bcda42b61cf69",
    "https://deno.land/std@0.168.0/async/retry.ts": "e8e5173623915bbc0ddc537698fa418cf875456c347eda1ed453528645b42e67",
    "https://deno.land/std@0.168.0/async/tee.ts": "3a47cc4e9a940904fd4341f0224907e199121c80b831faa5ec2b054c6d2eff5e",
    "https://deno.land/std@0.168.0/http/server.ts": "e99c1bee8a3f6571ee4cdeb2966efad465b8f6fe62bec1bdb59c1f007cc4d155",
    "https://deno.land/std@0.177.0/async/abortable.ts": "73acfb3ed7261ce0d930dbe89e43db8d34e017b063cf0eaa7d215477bf53442e",
    "https://deno.land/std@0.177.0/async/deadline.ts": "c5facb0b404eede83e38bd2717ea8ab34faa2ffb20ef87fd261fcba32ba307aa",
    "https://deno.land/std@0.177.0/async/debounce.ts": "adab11d04ca38d699444ac8a9d9856b4155e8dda2afd07ce78276c01ea5a4332",
    "https://deno.land/std@0.177.0/async/deferred.ts": "42790112f36a75a57db4a96d33974a936deb7b04d25c6084a9fa8a49f135def8",
    "https://deno.land/std@0.177.0/async/delay.ts": "73aa04cec034c84fc748c7be49bb15cac3dd43a57174bfdb7a4aec22c248f0dd",
    "https://deno.land/std@0.177.0/async/mod.ts": "f04344fa21738e5ad6bea37a6bfffd57c617c2d372bb9f9dcfd118a1b622e576",
    "https://deno.land/std@0.177.0/async/mux_async_iterator.ts": "70c7f2ee4e9466161350473ad61cac0b9f115cff4c552eaa7ef9d50c4cbb4cc9",
    "https://deno.land/std@0.177.0/async/pool.ts": "fd082bd4aaf26445909889435a5c74334c017847842ec035739b4ae637ae8260",
    "https://deno.land/std@0.177.0/async/retry.ts": "5efa3ba450ac0c07a40a82e2df296287b5013755d232049efd7ea2244f15b20f",
    "https://deno.land/std@0.177.0/async/tee.ts": "47e42d35f622650b02234d43803d0383a89eb4387e1b83b5a40106d18ae36757",
    "https://deno.land/std@0.177.0/http/server.ts": "cbb17b594651215ba95c01a395700684e569c165a567e4e04bba327f41197433",
    "https://deno.land/std@0.190.0/_util/asserts.ts": "178dfc49a464aee693a7e285567b3d0b555dc805ff490505a8aae34f9cfb1462",
    "https://deno.land/std@0.190.0/async/abortable.ts": "fd682fa46f3b7b16b4606a5ab52a7ce309434b76f820d3221bdfb862719a15d7",
    "https://deno.land/std@0.190.0/async/deadline.ts": "58f72a3cc0fcb731b2cc055ba046f4b5be3349ff6bf98f2e793c3b969354aab2",
    "https://deno.land/std@0.190.0/async/debounce.ts": "adab11d04ca38d699444ac8a9d9856b4155e8dda2afd07ce78276c01ea5a4332",
    "https://deno.land/std@0.190.0/async/deferred.ts": "42790112f36a75a57db4a96d33974a936deb7b04d25c6084a9fa8a49f135def8",
    "https://deno.land/std@0.190.0/async/delay.ts": "73aa04cec034c84fc748c7be49bb15cac3dd43a57174bfdb7a4aec22c248f0dd",
    "https://deno.land/std@0.190.0/async/mod.ts": "f04344fa21738e5ad6bea37a6bfffd57c617c2d372bb9f9dcfd118a1b622e576",
    "https://deno.land/std@0.190.0/async/mux_async_iterator.ts": "70c7f2ee4e9466161350473ad61cac0b9f115cff4c552eaa7ef9d50c4cbb4cc9",
    "https://deno.land/std@0.190.0/async/pool.ts": "f1b8d3df4d7fd3c73f8cbc91cc2e8b8e950910f1eab94230b443944d7584c657",
    "https://deno.land/std@0.190.0/async/retry.ts": "c9248325ec08cc2cceb7618472e77589a51a25cee460e07b6096be34966c2ead",
    "https://deno.land/std@0.190.0/async/tee.ts": "47e42d35f622650b02234d43803d0383a89eb4387e1b83b5a40106d18ae36757",
    "https://deno.land/std@0.190.0/http/server.ts": "1b23463b5b36e4eebc495417f6af47a6f7d52e3294827a1226d2a1aab23d9d20",
    "https://deno.land/std@0.99.0/_util/assert.ts": "2f868145a042a11d5ad0a3c748dcf580add8a0dbc0e876eaa0026303a5488f58",
    "https://deno.land/std@0.99.0/_util/os.ts": "e282950a0eaa96760c0cf11e7463e66babd15ec9157d4c9ed49cc0925686f6a7",
    "https://deno.land/std@0.99.0/path/_constants.ts": "1247fee4a79b70c89f23499691ef169b41b6ccf01887a0abd131009c5581b853",
    "https://deno.land/std@0.99.0/path/_interface.ts": "1fa73b02aaa24867e481a48492b44f2598cd9dfa513c7b34001437007d3642e4",
    "https://deno.land/std@0.99.0/path/_util.ts": "2e06a3b9e79beaf62687196bd4b60a4c391d862cfa007a20fc3a39f778ba073b",
    "https://deno.land/std@0.99.0/path/common.ts": "eaf03d08b569e8a87e674e4e265e099f237472b6fd135b3cbeae5827035ea14a",
    "https://deno.land/std@0.99.0/path/glob.ts": "314ad9ff263b895795208cdd4d5e35a44618ca3c6dd155e226fb15d065008652",
    "https://deno.land/std@0.99.0/path/mod.ts": "4465dc494f271b02569edbb4a18d727063b5dbd6ed84283ff906260970a15d12",
    "https://deno.land/std@0.99.0/path/posix.ts": "f56c3c99feb47f30a40ce9d252ef6f00296fa7c0fcb6dd81211bdb3b8b99ca3b",
    "https://deno.land/std@0.99.0/path/separator.ts": "8fdcf289b1b76fd726a508f57d3370ca029ae6976fcde5044007f062e643ff1c",
    "https://deno.land/std@0.99.0/path/win32.ts": "77f7b3604e0de40f3a7c698e8a79e7f601dc187035a1c21cb1e596666ce112f8",
    "https://deno.land/x/media_types@v2.9.0/db.ts": "ba39cddbcefce47d577c0529066787a3a7b39d27750a6d32b5ad53ed487e7b7b",
    "https://deno.land/x/media_types@v2.9.0/deps.ts": "364b24c35845cfd5c6903ab22b8ba9873bf1022bbbf6bf3d001695332d4bbb4f",
    "https://deno.land/x/media_types@v2.9.0/mod.ts": "d63583b978d32eff8b76e1ae5d83cba2fb27baa90cc1bcb0ad15a06122ea8c19",
    "https://deno.land/x/xhr@0.1.0/mod.ts": "5200325d879e571961f0927e8e32e66fd33f4ba0d29a219560cf9e0fe9bc6cdf",
    "https://esm.sh/@supabase/supabase-js@2.52.0": "7af6a5d4fe4cabcd0c8acdeda3b4ee473938d0c9a76b91ce79035f9f87f9e1e6",
    "https://esm.sh/@supabase/supabase-js@2.57.4": "05a369085eb4a4c99d85ccece97f0cf1e05357122e0e74373da1f0e91b014902",
    "https://esm.sh/@supabase/supabase-js@2.98.0": "7c91584aa8d7c3b272be04122a907e00a7028a20d0eaf5e40b2eb1eed10f06b3",
    "https://esm.sh/mgrs@1.0.0/denonext/mgrs.mjs": "5b7097593df7dbfde8023ad5585cee6a8c958d8b8fdec70324f89cda24e9888d",
    "https://esm.sh/proj4@2.10.0": "c4378e36c2fb85a5d985599cca665477c89296f2bfab62f10293baa3df7ea878",
    "https://esm.sh/proj4@2.10.0/denonext/proj4.mjs": "f38684dcc253ce2bb25890385c1a60cc3450553f64e1aa14cfaf5b8deeba5be2",
    "https://esm.sh/resend@4.0.0": "304b5edd6b05ffb21d29b90b4b3afb4ed6b4ca1df4f7a4c9a177866f429ed88a",
    "https://esm.sh/wkt-parser@1.5.3/denonext/wkt-parser.mjs": "b58b0e41be5923cd0318107f62561f6a057aae768f513e844f3c670dbe3481b8",
    "https://esm.sh/wkt-parser@1.5.3?target=denonext": "ad16716c465bdb4d56cac21b60ef8ea63beaa928827cd1de6188be3e13f8b849"
  },
  "workspace": {
    "packageJson": {
      "dependencies": [
        "npm:@hello-pangea/dnd@^18.0.1",
        "npm:@hookform/resolvers@^5.2.1",
        "npm:@kenjiuno/msgreader@^1.28.0",
        "npm:@lexical/code@0.40",
        "npm:@lexical/file@0.40",
        "npm:@lexical/hashtag@0.40",
        "npm:@lexical/html@0.40",
        "npm:@lexical/link@0.40",
        "npm:@lexical/list@0.40",
        "npm:@lexical/mark@0.40",
        "npm:@lexical/markdown@0.40",
        "npm:@lexical/plain-text@0.40",
        "npm:@lexical/react@0.40",
        "npm:@lexical/rich-text@0.40",
        "npm:@lexical/table@0.40",
        "npm:@lexical/yjs@0.40",
        "npm:@matrix-org/matrix-sdk-crypto-wasm@16",
        "npm:@radix-ui/react-accordion@^1.2.12",
        "npm:@radix-ui/react-alert-dialog@^1.1.15",
        "npm:@radix-ui/react-aspect-ratio@^1.1.7",
        "npm:@radix-ui/react-avatar@^1.1.10",
        "npm:@radix-ui/react-checkbox@^1.3.3",
        "npm:@radix-ui/react-collapsible@^1.1.12",
        "npm:@radix-ui/react-context-menu@^2.2.16",
        "npm:@radix-ui/react-dialog@^1.1.15",
        "npm:@radix-ui/react-dropdown-menu@^2.1.16",
        "npm:@radix-ui/react-hover-card@^1.1.15",
        "npm:@radix-ui/react-label@^2.1.7",
        "npm:@radix-ui/react-menubar@^1.1.16",
        "npm:@radix-ui/react-navigation-menu@^1.2.14",
        "npm:@radix-ui/react-popover@^1.1.15",
        "npm:@radix-ui/react-progress@^1.1.7",
        "npm:@radix-ui/react-radio-group@^1.3.8",
        "npm:@radix-ui/react-scroll-area@^1.2.10",
        "npm:@radix-ui/react-select@^2.2.6",
        "npm:@radix-ui/react-separator@^1.1.7",
        "npm:@radix-ui/react-slider@^1.3.6",
        "npm:@radix-ui/react-slot@^1.2.3",
        "npm:@radix-ui/react-switch@^1.2.6",
        "npm:@radix-ui/react-tabs@^1.1.13",
        "npm:@radix-ui/react-toast@^1.2.15",
        "npm:@radix-ui/react-toggle-group@^1.1.11",
        "npm:@radix-ui/react-toggle@^1.1.10",
        "npm:@radix-ui/react-tooltip@^1.2.8",
        "npm:@supabase/supabase-js@^2.57.4",
        "npm:@tailwindcss/postcss@^4.1.13",
        "npm:@tanstack/react-query@^5.87.4",
        "npm:@types/jspdf@2",
        "npm:@types/jszip@^3.4.1",
        "npm:@types/leaflet@^1.9.20",
        "npm:@types/papaparse@^5.3.16",
        "npm:@types/react-big-calendar@^1.16.2",
        "npm:@types/react-dom@^19.2.2",
        "npm:@types/react-grid-layout@^1.3.5",
        "npm:@types/react@^19.2.2",
        "npm:@types/vcf@^2.0.7",
        "npm:@types/xlsx@^0.0.36",
        "npm:@typescript-eslint/eslint-plugin@^6.14.0",
        "npm:@typescript-eslint/parser@^6.14.0",
        "npm:@vitejs/plugin-react-swc@^3.5.0",
        "npm:autoprefixer@^10.4.21",
        "npm:class-variance-authority@~0.7.1",
        "npm:clsx@^2.1.1",
        "npm:cmdk@^1.1.1",
        "npm:coi-serviceworker@~0.1.7",
        "npm:date-fns@^4.1.0",
        "npm:docx@^9.5.1",
        "npm:dompurify@^3.2.6",
        "npm:embla-carousel-react@^8.6.0",
        "npm:eslint-plugin-react-hooks@^4.6.0",
        "npm:eslint-plugin-react-refresh@~0.4.5",
        "npm:eslint@^8.55.0",
        "npm:framer-motion@^12.23.12",
        "npm:input-otp@^1.4.2",
        "npm:jspdf@^3.0.2",
        "npm:jszip@^3.10.1",
        "npm:leaflet-routing-machine@^3.2.12",
        "npm:leaflet.heat@0.2",
        "npm:leaflet@^1.9.4",
        "npm:lexical@0.40",
        "npm:lovable-tagger@^1.1.9",
        "npm:lucide-react@0.544",
        "npm:mammoth@^1.8.0",
        "npm:matrix-js-sdk@^34.13.0",
        "npm:moment@^2.30.1",
        "npm:next-themes@~0.4.6",
        "npm:papaparse@^5.5.3",
        "npm:pdfjs-dist@^5.4.149",
        "npm:postal-mime@^2.7.3",
        "npm:postcss@^8.5.6",
        "npm:proj4@^2.19.10",
        "npm:react-big-calendar@^1.19.4",
        "npm:react-day-picker@^9.9.0",
        "npm:react-dom@^19.2.0",
        "npm:react-grid-layout@^1.5.2",
        "npm:react-hook-form@^7.62.0",
        "npm:react-leaflet@5",
        "npm:react-resizable-panels@^3.0.5",
        "npm:react-router-dom@^7.8.2",
        "npm:react@^19.2.0",
        "npm:recharts@^3.2.0",
        "npm:rrule@^2.8.1",
        "npm:rss-parser@^3.13.0",
        "npm:sonner@^2.0.7",
        "npm:tailwind-merge@^3.3.1",
        "npm:tailwindcss-animate@^1.0.7",
        "npm:tailwindcss@^3.4.17",
        "npm:typescript@^5.2.2",
        "npm:vaul@^1.1.2",
        "npm:vcf@^2.1.2",
        "npm:vite-plugin-node-polyfills@0.25",
        "npm:vite@^5.0.8",
        "npm:xlsx@~0.18.5",
        "npm:y-indexeddb@^9.0.12",
        "npm:y-protocols@^1.0.6",
        "npm:y-websocket@3",
        "npm:yjs@^13.6.27",
        "npm:zod@^4.1.8"
      ]
    }
  }
}
